Lr! D�CDD�R3�91!4�!!H,@�D@�-���yhrG���%#�=�a�]v��슉��]�z�%��a��l��ނ+-�,��zd��&���4�����%#�=�a�Mu��3����M�k�{������_6�]��{�5���%#�I�^r�6����*'�mkz�%��a��l��ނ+-�,��zd��&���5'�y���R8Ԟ��-�M���מ5�v���}��w��ןkw<ߧx��M�m�޿[ޮȨ�]t��(�����i���z����j��(���n�����m�޿�u��3wNy�Ͷ箷��移sg�i�|��9���w�_i���5�{ޮȨ�]���(�����i���z����j��(���q�m���i���>�}�77q��ߏw�<sw�w�5{}�u޼o��so8q�^���zw"zɢ��ʗ��]u��(�&���:է(���v��Ϣ��+�m4��슉��j޲�oy�m��?�����k�&��� r��i�+��r���s覦�����r���ܧjh��)���~�M��7;�f��]y����5o�:q��s���;ןs�^���zw"zƜ����v������w�KޮȨ�}5��(�����i���z����j��(����������������~�Mm�6�u�x�����}�7���}����{}�����^���zw"zƜ���ӆ����ӋޮȨ��8��(�����i���z����j��(�������������N-�={k�zk��s����^s֛iͻ�ݽݷ�Ѧ����ӋޮȨ�}���(�����i���z����j��(�������������}-�>9{~�o^�ַn[i�}�w�׶m�_�m5�������v����ӋޮȨ��5ַ��[�vm�����"���ɪ�H�o�r�����r����5��3y�kv��~��z�]�g��δ����;��4i�h�ϥ�{^�MyכޮȨ�Myך޲�oy�m��?�����k�&��� r��i�h�ϥ�{^���i�h�ϥ�{^��5�^m�=6i��q��s�v�o��m�}sw���խw�g^���zw"zƣ��tᶛz_��\��Yz�M�|��_9r��]wr��*4�m�[��'�מ��j��Mvv+)z{�-5�w���k�h�����G��)��]�z�k�f��w��~r���-���M)��\��v�Jޕ�^w��}t�Ǧ����K(���f��˩���ӎ춸���&��ky���K���Z�ǵ׼f��&�]�ɪ೮�ɫ��n�iپ�*t�ޮȨ�N;��(�����i���z����j��(��������iپ�*~ӎ�?:ӧ6q��s��q���4�^���w�[��sV�����kޮȨ�O6��(�����i���z����j��(�������������ͭ�7�u����_��6i�{�ǻ�f�km��N_i��������
+v�tѨ��G�ݳ]u��슉��Z޲�oy�m��?�����k�&��� r��j;��찢�l��ڎ��{,(��>םm�=���tk��߯i��}�\燝{�{տ<�֟�ƣ��t����*'�]8��(�����i���z����j��(������j;��]8�����u�4o~:��8�ݝ�Mti�\��x���۞z��u�܉������'��ZnW������]5j;��KޮȨ��uⷬ�[�vm�����"���ɪ�H�oڎ�������u��3y��k�]�w�������{�]�����zѾ9u�^�קr'�r�:�;(��-i�^��k�x"-tթb��{t�V��	���m�]�z�"�}5ⷬ�[�vm�����"���ɪ�H�oږ('�ױ���jX���^�ߴ׋`�G�F��]=���wF��nzsm��N��}�i�u�שzw^�Ȟ�H�w��M��x��tַ�y�~���y٩�y��